// !$*UTF8*$!
{
	archiveVersion = 1;
	classes = {
	};
	objectVersion = 77;
	objects = {

/* Begin PBXContainerItemProxy section */
		5BCAB59C2FF461BE0070DF6C /* PBXContainerItemProxy */ = {
			isa = PBXContainerItemProxy;
			containerPortal = 5BCAB5862FF461BD0070DF6C /* Project object */;
			proxyType = 1;
			remoteGlobalIDString = 5BCAB58D2FF461BD0070DF6C;
			remoteInfo = "CycleStreets Ride Planner";
		};
		5BCAB5A62FF461BE0070DF6C /* PBXContainerItemProxy */ = {
			isa = PBXContainerItemProxy;
			containerPortal = 5BCAB5862FF461BD0070DF6C /* Project object */;
			proxyType = 1;
			remoteGlobalIDString = 5BCAB58D2FF461BD0070DF6C;
			remoteInfo = "CycleStreets Ride Planner";
		};
/* End PBXContainerItemProxy section */

/* Begin PBXFileReference section */
		5BCAB58E2FF461BD0070DF6C /* CycleStreets Ride Planner.app */ = {isa = PBXFileReference; explicitFileType = wrapper.application; includeInIndex = 0; path = "CycleStreets Ride Planner.app"; sourceTree = BUILT_PRODUCTS_DIR; };
		5BCAB59B2FF461BE0070DF6C /* CycleStreets Ride PlannerTests.xctest */ = {isa = PBXFileReference; explicitFileType = wrapper.cfbundle; includeInIndex = 0; path = "CycleStreets Ride PlannerTests.xctest"; sourceTree = BUILT_PRODUCTS_DIR; };
		5BCAB5A52FF461BE0070DF6C /* CycleStreets Ride PlannerUITests.xctest */ = {isa = PBXFileReference; explicitFileType = wrapper.cfbundle; includeInIndex = 0; path = "CycleStreets Ride PlannerUITests.xctest"; sourceTree = BUILT_PRODUCTS_DIR; };
/* End PBXFileReference section */

/* Begin PBXFileSystemSynchronizedRootGroup section */
		5BCAB5902FF461BD0070DF6C /* CycleStreets Ride Planner */ = {
			isa = PBXFileSystemSynchronizedRootGroup;
			path = "CycleStreets Ride Planner";
			sourceTree = "<group>";
		};
		5BCAB59E2FF461BE0070DF6C /* CycleStreets Ride PlannerTests */ = {
			isa = PBXFileSystemSynchronizedRootGroup;
			path = "CycleStreets Ride PlannerTests";
			sourceTree = "<group>";
		};
		5BCAB5A82FF461BE0070DF6C /* CycleStreets Ride PlannerUITests */ = {
			isa = PBXFileSystemSynchronizedRootGroup;
			path = "CycleStreets Ride PlannerUITests";
			sourceTree = "<group>";
		};
/* End PBXFileSystemSynchronizedRootGroup section */

/* Begin PBXFrameworksBuildPhase section */
		5BCAB58B2FF461BD0070DF6C /* Frameworks */ = {
			isa = PBXFrameworksBuildPhase;
			buildActionMask = 2147483647;
			files = (
			);
			runOnlyForDeploymentPostprocessing = 0;
		};
		5BCAB5982FF461BE0070DF6C /* Frameworks */ = {
			isa = PBXFrameworksBuildPhase;
			buildActionMask = 2147483647;
			files = (
			);
			runOnlyForDeploymentPostprocessing = 0;
		};
		5BCAB5A22FF461BE0070DF6C /* Frameworks */ = {
			isa = PBXFrameworksBuildPhase;
			buildActionMask = 2147483647;
			files = (
			);
			runOnlyForDeploymentPostprocessing = 0;
		};
/* End PBXFrameworksBuildPhase section */

/* Begin PBXGroup section */
		5BCAB5852FF461BD0070DF6C = {
			isa = PBXGroup;
			children = (
				5BCAB5902FF461BD0070DF6C /* CycleStreets Ride Planner */,
				5BCAB59E2FF461BE0070DF6C /* CycleStreets Ride PlannerTests */,
				5BCAB5A82FF461BE0070DF6C /* CycleStreets Ride PlannerUITests */,
				5BCAB58F2FF461BD0070DF6C /* Products */,
			);
			sourceTree = "<group>";
		};
		5BCAB58F2FF461BD0070DF6C /* Products */ = {
			isa = PBXGroup;
			children = (
				5BCAB58E2FF461BD0070DF6C /* CycleStreets Ride Planner.app */,
				5BCAB59B2FF461BE0070DF6C /* CycleStreets Ride PlannerTests.xctest */,
				5BCAB5A52FF461BE0070DF6C /* CycleStreets Ride PlannerUITests.xctest */,
			);
			name = Products;
			sourceTree = "<group>";
		};
/* End PBXGroup section */

/* Begin PBXNativeTarget section */
		5BCAB58D2FF461BD0070DF6C /* CycleStreets Ride Planner */ = {
			isa = PBXNativeTarget;
			buildConfigurationList = 5BCAB5AF2FF461BE0070DF6C /* Build configuration list for PBXNativeTarget "CycleStreets Ride Planner" */;
			buildPhases = (
				5BCAB58A2FF461BD0070DF6C /* Sources */,
				5BCAB58B2FF461BD0070DF6C /* Frameworks */,
				5BCAB58C2FF461BD0070DF6C /* Resources */,
			);
			buildRules = (
			);
			dependencies = (
			);
			fileSystemSynchronizedGroups = (
				5BCAB5902FF461BD0070DF6C /* CycleStreets Ride Planner */,
			);
			name = "CycleStreets Ride Planner";
			packageProductDependencies = (
			);
			productName = "CycleStreets Ride Planner";
			productReference = 5BCAB58E2FF461BD0070DF6C /* CycleStreets Ride Planner.app */;
			productType = "com.apple.product-type.application";
		};
		5BCAB59A2FF461BE0070DF6C /* CycleStreets Ride PlannerTests */ = {
			isa = PBXNativeTarget;
			buildConfigurationList = 5BCAB5B22FF461BE0070DF6C /* Build configuration list for PBXNativeTarget "CycleStreets Ride PlannerTests" */;
			buildPhases = (
				5BCAB5972FF461BE0070DF6C /* Sources */,
				5BCAB5982FF461BE0070DF6C /* Frameworks */,
				5BCAB5992FF461BE0070DF6C /* Resources */,
			);
			buildRules = (
			);
			dependencies = (
				5BCAB59D2FF461BE0070DF6C /* PBXTargetDependency */,
			);
			fileSystemSynchronizedGroups = (
				5BCAB59E2FF461BE0070DF6C /* CycleStreets Ride PlannerTests */,
			);
			name = "CycleStreets Ride PlannerTests";
			packageProductDependencies = (
			);
			productName = "CycleStreets Ride PlannerTests";
			productReference = 5BCAB59B2FF461BE0070DF6C /* CycleStreets Ride PlannerTests.xctest */;
			productType = "com.apple.product-type.bundle.unit-test";
		};
		5BCAB5A42FF461BE0070DF6C /* CycleStreets Ride PlannerUITests */ = {
			isa = PBXNativeTarget;
			buildConfigurationList = 5BCAB5B52FF461BE0070DF6C /* Build configuration list for PBXNativeTarget "CycleStreets Ride PlannerUITests" */;
			buildPhases = (
				5BCAB5A12FF461BE0070DF6C /* Sources */,
				5BCAB5A22FF461BE0070DF6C /* Frameworks */,
				5BCAB5A32FF461BE0070DF6C /* Resources */,
			);
			buildRules = (
			);
			dependencies = (
				5BCAB5A72FF461BE0070DF6C /* PBXTargetDependency */,
			);
			fileSystemSynchronizedGroups = (
				5BCAB5A82FF461BE0070DF6C /* CycleStreets Ride PlannerUITests */,
			);
			name = "CycleStreets Ride PlannerUITests";
			packageProductDependencies = (
			);
			productName = "CycleStreets Ride PlannerUITests";
			productReference = 5BCAB5A52FF461BE0070DF6C /* CycleStreets Ride PlannerUITests.xctest */;
			productType = "com.apple.product-type.bundle.ui-testing";
		};
/* End PBXNativeTarget section */

/* Begin PBXProject section */
		5BCAB5862FF461BD0070DF6C /* Project object */ = {
			isa = PBXProject;
			attributes = {
				BuildIndependentTargetsInParallel = 1;
				LastSwiftUpdateCheck = 2660;
				LastUpgradeCheck = 2660;
				TargetAttributes = {
					5BCAB58D2FF461BD0070DF6C = {
						CreatedOnToolsVersion = 26.6;
					};
					5BCAB59A2FF461BE0070DF6C = {
						CreatedOnToolsVersion = 26.6;
						TestTargetID = 5BCAB58D2FF461BD0070DF6C;
					};
					5BCAB5A42FF461BE0070DF6C = {
						CreatedOnToolsVersion = 26.6;
						TestTargetID = 5BCAB58D2FF461BD0070DF6C;
					};
				};
			};
			buildConfigurationList = 5BCAB5892FF461BD0070DF6C /* Build configuration list for PBXProject "CycleStreets Ride Planner" */;
			developmentRegion = en;
			hasScannedForEncodings = 0;
			knownRegions = (
				en,
				Base,
			);
			mainGroup = 5BCAB5852FF461BD0070DF6C;
			minimizedProjectReferenceProxies = 1;
			preferredProjectObjectVersion = 77;
			productRefGroup = 5BCAB58F2FF461BD0070DF6C /* Products */;
			projectDirPath = "";
			projectRoot = "";
			targets = (
				5BCAB58D2FF461BD0070DF6C /* CycleStreets Ride Planner */,
				5BCAB59A2FF461BE0070DF6C /* CycleStreets Ride PlannerTests */,
				5BCAB5A42FF461BE0070DF6C /* CycleStreets Ride PlannerUITests */,
			);
		};
/* End PBXProject section */

/* Begin PBXResourcesBuildPhase section */
		5BCAB58C2FF461BD0070DF6C /* Resources */ = {
			isa = PBXResourcesBuildPhase;
			buildActionMask = 2147483647;
			files = (
			);
			runOnlyForDeploymentPostprocessing = 0;
		};
		5BCAB5992FF461BE0070DF6C /* Resources */ = {
			isa = PBXResourcesBuildPhase;
			buildActionMask = 2147483647;
			files = (
			);
			runOnlyForDeploymentPostprocessing = 0;
		};
		5BCAB5A32FF461BE0070DF6C /* Resources */ = {
			isa = PBXResourcesBuildPhase;
			buildActionMask = 2147483647;
			files = (
			);
			runOnlyForDeploymentPostprocessing = 0;
		};
/* End PBXResourcesBuildPhase section */

/* Begin PBXSourcesBuildPhase section */
		5BCAB58A2FF461BD0070DF6C /* Sources */ = {
			isa = PBXSourcesBuildPhase;
			buildActionMask = 2147483647;
			files = (
			);
			runOnlyForDeploymentPostprocessing = 0;
		};
		5BCAB5972FF461BE0070DF6C /* Sources */ = {
			isa = PBXSourcesBuildPhase;
			buildActionMask = 2147483647;
			files = (
			);
			runOnlyForDeploymentPostprocessing = 0;
		};
		5BCAB5A12FF461BE0070DF6C /* Sources */ = {
			isa = PBXSourcesBuildPhase;
			buildActionMask = 2147483647;
			files = (
			);
			runOnlyForDeploymentPostprocessing = 0;
		};
/* End PBXSourcesBuildPhase section */

/* Begin PBXTargetDependency section */
		5BCAB59D2FF461BE0070DF6C /* PBXTargetDependency */ = {
			isa = PBXTargetDependency;
			target = 5BCAB58D2FF461BD0070DF6C /* CycleStreets Ride Planner */;
			targetProxy = 5BCAB59C2FF461BE0070DF6C /* PBXContainerItemProxy */;
		};
		5BCAB5A72FF461BE0070DF6C /* PBXTargetDependency */ = {
			isa = PBXTargetDependency;
			target = 5BCAB58D2FF461BD0070DF6C /* CycleStreets Ride Planner */;
			targetProxy = 5BCAB5A62FF461BE0070DF6C /* PBXContainerItemProxy */;
		};
/* End PBXTargetDependency section */

/* Begin XCBuildConfiguration section */
		5BCAB5AD2FF461BE0070DF6C /* Debug */ = {
			isa = XCBuildConfiguration;
			buildSettings = {
				ALWAYS_SEARCH_USER_PATHS = NO;
				ASSETCATALOG_COMPILER_GENERATE_SWIFT_ASSET_SYMBOL_EXTENSIONS = YES;
				CLANG_ANALYZER_NONNULL = YES;
				CLANG_ANALYZER_NUMBER_OBJECT_CONVERSION = YES_AGGRESSIVE;
				CLANG_CXX_LANGUAGE_STANDARD = "gnu++20";
				CLANG_ENABLE_MODULES = YES;
				CLANG_ENABLE_OBJC_ARC = YES;
				CLANG_ENABLE_OBJC_WEAK = YES;
				CLANG_WARN_BLOCK_CAPTURE_AUTORELEASING = YES;
				CLANG_WARN_BOOL_CONVERSION = YES;
				CLANG_WARN_COMMA = YES;
				CLANG_WARN_CONSTANT_CONVERSION = YES;
				CLANG_WARN_DEPRECATED_OBJC_IMPLEMENTATIONS = YES;
				CLANG_WARN_DIRECT_OBJC_ISA_USAGE = YES_ERROR;
				CLANG_WARN_DOCUMENTATION_COMMENTS = YES;
				CLANG_WARN_EMPTY_BODY = YES;
				CLANG_WARN_ENUM_CONVERSION = YES;
				CLANG_WARN_INFINITE_RECURSION = YES;
				CLANG_WARN_INT_CONVERSION = YES;
				CLANG_WARN_NON_LITERAL_NULL_CONVERSION = YES;
				CLANG_WARN_OBJC_IMPLICIT_RETAIN_SELF = YES;
				CLANG_WARN_OBJC_LITERAL_CONVERSION = YES;
				CLANG_WARN_OBJC_ROOT_CLASS = YES_ERROR;
				CLANG_WARN_QUOTED_INCLUDE_IN_FRAMEWORK_HEADER = YES;
				CLANG_WARN_RANGE_LOOP_ANALYSIS = YES;
				CLANG_WARN_STRICT_PROTOTYPES = YES;
				CLANG_WARN_SUSPICIOUS_MOVE = YES;
				CLANG_WARN_UNGUARDED_AVAILABILITY = YES_AGGRESSIVE;
				CLANG_WARN_UNREACHABLE_CODE = YES;
				CLANG_WARN__DUPLICATE_METHOD_MATCH = YES;
				COPY_PHASE_STRIP = NO;
				DEBUG_INFORMATION_FORMAT = dwarf;
				ENABLE_STRICT_OBJC_MSGSEND = YES;
				ENABLE_TESTABILITY = YES;
				ENABLE_USER_SCRIPT_SANDBOXING = YES;
				GCC_C_LANGUAGE_STANDARD = gnu17;
				GCC_DYNAMIC_NO_PIC = NO;
				GCC_NO_COMMON_BLOCKS = YES;
				GCC_OPTIMIZATION_LEVEL = 0;
				GCC_PREPROCESSOR_DEFINITIONS = (
					"DEBUG=1",
					"$(inherited)",
				);
				GCC_WARN_64_TO_32_BIT_CONVERSION = YES;
				GCC_WARN_ABOUT_RETURN_TYPE = YES_ERROR;
				GCC_WARN_UNDECLARED_SELECTOR = YES;
				GCC_WARN_UNINITIALIZED_AUTOS = YES_AGGRESSIVE;
				GCC_WARN_UNUSED_FUNCTION = YES;
				GCC_WARN_UNUSED_VARIABLE = YES;
				IPHONEOS_DEPLOYMENT_TARGET = 26.5;
				LOCALIZATION_PREFERS_STRING_CATALOGS = YES;
				MTL_ENABLE_DEBUG_INFO = INCLUDE_SOURCE;
				MTL_FAST_MATH = YES;
				ONLY_ACTIVE_ARCH = YES;
				SDKROOT = iphoneos;
				SWIFT_ACTIVE_COMPILATION_CONDITIONS = "DEBUG $(inherited)";
				SWIFT_OPTIMIZATION_LEVEL = "-Onone";
			};
			name = Debug;
		};
		5BCAB5AE2FF461BE0070DF6C /* Release */ = {
			isa = XCBuildConfiguration;
			buildSettings = {
				ALWAYS_SEARCH_USER_PATHS = NO;
				ASSETCATALOG_COMPILER_GENERATE_SWIFT_ASSET_SYMBOL_EXTENSIONS = YES;
				CLANG_ANALYZER_NONNULL = YES;
				CLANG_ANALYZER_NUMBER_OBJECT_CONVERSION = YES_AGGRESSIVE;
				CLANG_CXX_LANGUAGE_STANDARD = "gnu++20";
				CLANG_ENABLE_MODULES = YES;
				CLANG_ENABLE_OBJC_ARC = YES;
				CLANG_ENABLE_OBJC_WEAK = YES;
				CLANG_WARN_BLOCK_CAPTURE_AUTORELEASING = YES;
				CLANG_WARN_BOOL_CONVERSION = YES;
				CLANG_WARN_COMMA = YES;
				CLANG_WARN_CONSTANT_CONVERSION = YES;
				CLANG_WARN_DEPRECATED_OBJC_IMPLEMENTATIONS = YES;
				CLANG_WARN_DIRECT_OBJC_ISA_USAGE = YES_ERROR;
				CLANG_WARN_DOCUMENTATION_COMMENTS = YES;
				CLANG_WARN_EMPTY_BODY = YES;
				CLANG_WARN_ENUM_CONVERSION = YES;
				CLANG_WARN_INFINITE_RECURSION = YES;
				CLANG_WARN_INT_CONVERSION = YES;
				CLANG_WARN_NON_LITERAL_NULL_CONVERSION = YES;
				CLANG_WARN_OBJC_IMPLICIT_RETAIN_SELF = YES;
				CLANG_WARN_OBJC_LITERAL_CONVERSION = YES;
				CLANG_WARN_OBJC_ROOT_CLASS = YES_ERROR;
				CLANG_WARN_QUOTED_INCLUDE_IN_FRAMEWORK_HEADER = YES;
				CLANG_WARN_RANGE_LOOP_ANALYSIS = YES;
				CLANG_WARN_STRICT_PROTOTYPES = YES;
				CLANG_WARN_SUSPICIOUS_MOVE = YES;
				CLANG_WARN_UNGUARDED_AVAILABILITY = YES_AGGRESSIVE;
				CLANG_WARN_UNREACHABLE_CODE = YES;
				CLANG_WARN__DUPLICATE_METHOD_MATCH = YES;
				COPY_PHASE_STRIP = NO;
				DEBUG_INFORMATION_FORMAT = "dwarf-with-dsym";
				ENABLE_NS_ASSERTIONS = NO;
				ENABLE_STRICT_OBJC_MSGSEND = YES;
				ENABLE_USER_SCRIPT_SANDBOXING = YES;
				GCC_C_LANGUAGE_STANDARD = gnu17;
				GCC_NO_COMMON_BLOCKS = YES;
				GCC_WARN_64_TO_32_BIT_CONVERSION = YES;
				GCC_WARN_ABOUT_RETURN_TYPE = YES_ERROR;
				GCC_WARN_UNDECLARED_SELECTOR = YES;
				GCC_WARN_UNINITIALIZED_AUTOS = YES_AGGRESSIVE;
				GCC_WARN_UNUSED_FUNCTION = YES;
				GCC_WARN_UNUSED_VARIABLE = YES;
				IPHONEOS_DEPLOYMENT_TARGET = 26.5;
				LOCALIZATION_PREFERS_STRING_CATALOGS = YES;
				MTL_ENABLE_DEBUG_INFO = NO;
				MTL_FAST_MATH = YES;
				SDKROOT = iphoneos;
				SWIFT_COMPILATION_MODE = wholemodule;
				VALIDATE_PRODUCT = YES;
			};
			name = Release;
		};
		5BCAB5B02FF461BE0070DF6C /* Debug */ = {
			isa = XCBuildConfiguration;
			buildSettings = {
				ASSETCATALOG_COMPILER_APPICON_NAME = AppIcon;
				ASSETCATALOG_COMPILER_GLOBAL_ACCENT_COLOR_NAME = AccentColor;
				CODE_SIGN_STYLE = Automatic;
				CURRENT_PROJECT_VERSION = 1;
				ENABLE_PREVIEWS = YES;
				GENERATE_INFOPLIST_FILE = YES;
				INFOPLIST_KEY_UIApplicationSceneManifest_Generation = YES;
				INFOPLIST_KEY_UIApplicationSupportsIndirectInputEvents = YES;
				INFOPLIST_KEY_UILaunchScreen_Generation = YES;
				INFOPLIST_KEY_UISupportedInterfaceOrientations_iPad = "UIInterfaceOrientationPortrait UIInterfaceOrientationPortraitUpsideDown UIInterfaceOrientationLandscapeLeft UIInterfaceOrientationLandscapeRight";
				INFOPLIST_KEY_UISupportedInterfaceOrientations_iPhone = "UIInterfaceOrientationPortrait UIInterfaceOrientationLandscapeLeft UIInterfaceOrientationLandscapeRight";
				LD_RUNPATH_SEARCH_PATHS = (
					"$(inherited)",
					"@executable_path/Frameworks",
				);
				MARKETING_VERSION = 1.0;
				PRODUCT_BUNDLE_IDENTIFIER = "uk.slartibartfast.CycleStreets-Ride-Planner";
				PRODUCT_NAME = "$(TARGET_NAME)";
				STRING_CATALOG_GENERATE_SYMBOLS = YES;
				SWIFT_APPROACHABLE_CONCURRENCY = YES;
				SWIFT_DEFAULT_ACTOR_ISOLATION = MainActor;
				SWIFT_EMIT_LOC_STRINGS = YES;
				SWIFT_UPCOMING_FEATURE_MEMBER_IMPORT_VISIBILITY = YES;
				SWIFT_VERSION = 5.0;
				TARGETED_DEVICE_FAMILY = "1,2";
			};
			name = Debug;
		};
		5BCAB5B12FF461BE0070DF6C /* Release */ = {
			isa = XCBuildConfiguration;
			buildSettings = {
				ASSETCATALOG_COMPILER_APPICON_NAME = AppIcon;
				ASSETCATALOG_COMPILER_GLOBAL_ACCENT_COLOR_NAME = AccentColor;
				CODE_SIGN_STYLE = Automatic;
				CURRENT_PROJECT_VERSION = 1;
				ENABLE_PREVIEWS = YES;
				GENERATE_INFOPLIST_FILE = YES;
				INFOPLIST_KEY_UIApplicationSceneManifest_Generation = YES;
				INFOPLIST_KEY_UIApplicationSupportsIndirectInputEvents = YES;
				INFOPLIST_KEY_UILaunchScreen_Generation = YES;
				INFOPLIST_KEY_UISupportedInterfaceOrientations_iPad = "UIInterfaceOrientationPortrait UIInterfaceOrientationPortraitUpsideDown UIInterfaceOrientationLandscapeLeft UIInterfaceOrientationLandscapeRight";
				INFOPLIST_KEY_UISupportedInterfaceOrientations_iPhone = "UIInterfaceOrientationPortrait UIInterfaceOrientationLandscapeLeft UIInterfaceOrientationLandscapeRight";
				LD_RUNPATH_SEARCH_PATHS = (
					"$(inherited)",
					"@executable_path/Frameworks",
				);
				MARKETING_VERSION = 1.0;
				PRODUCT_BUNDLE_IDENTIFIER = "uk.slartibartfast.CycleStreets-Ride-Planner";
				PRODUCT_NAME = "$(TARGET_NAME)";
				STRING_CATALOG_GENERATE_SYMBOLS = YES;
				SWIFT_APPROACHABLE_CONCURRENCY = YES;
				SWIFT_DEFAULT_ACTOR_ISOLATION = MainActor;
				SWIFT_EMIT_LOC_STRINGS = YES;
				SWIFT_UPCOMING_FEATURE_MEMBER_IMPORT_VISIBILITY = YES;
				SWIFT_VERSION = 5.0;
				TARGETED_DEVICE_FAMILY = "1,2";
			};
			name = Release;
		};
		5BCAB5B32FF461BE0070DF6C /* Debug */ = {
			isa = XCBuildConfiguration;
			buildSettings = {
				BUNDLE_LOADER = "$(TEST_HOST)";
				CODE_SIGN_STYLE = Automatic;
				CURRENT_PROJECT_VERSION = 1;
				GENERATE_INFOPLIST_FILE = YES;
				IPHONEOS_DEPLOYMENT_TARGET = 26.5;
				MARKETING_VERSION = 1.0;
				PRODUCT_BUNDLE_IDENTIFIER = "uk.slartibartfast.CycleStreets-Ride-PlannerTests";
				PRODUCT_NAME = "$(TARGET_NAME)";
				STRING_CATALOG_GENERATE_SYMBOLS = NO;
				SWIFT_APPROACHABLE_CONCURRENCY = YES;
				SWIFT_EMIT_LOC_STRINGS = NO;
				SWIFT_UPCOMING_FEATURE_MEMBER_IMPORT_VISIBILITY = YES;
				SWIFT_VERSION = 5.0;
				TARGETED_DEVICE_FAMILY = "1,2";
				TEST_HOST = "$(BUILT_PRODUCTS_DIR)/CycleStreets Ride Planner.app/$(BUNDLE_EXECUTABLE_FOLDER_PATH)/CycleStreets Ride Planner";
			};
			name = Debug;
		};
		5BCAB5B42FF461BE0070DF6C /* Release */ = {
			isa = XCBuildConfiguration;
			buildSettings = {
				BUNDLE_LOADER = "$(TEST_HOST)";
				CODE_SIGN_STYLE = Automatic;
				CURRENT_PROJECT_VERSION = 1;
				GENERATE_INFOPLIST_FILE = YES;
				IPHONEOS_DEPLOYMENT_TARGET = 26.5;
				MARKETING_VERSION = 1.0;
				PRODUCT_BUNDLE_IDENTIFIER = "uk.slartibartfast.CycleStreets-Ride-PlannerTests";
				PRODUCT_NAME = "$(TARGET_NAME)";
				STRING_CATALOG_GENERATE_SYMBOLS = NO;
				SWIFT_APPROACHABLE_CONCURRENCY = YES;
				SWIFT_EMIT_LOC_STRINGS = NO;
				SWIFT_UPCOMING_FEATURE_MEMBER_IMPORT_VISIBILITY = YES;
				SWIFT_VERSION = 5.0;
				TARGETED_DEVICE_FAMILY = "1,2";
				TEST_HOST = "$(BUILT_PRODUCTS_DIR)/CycleStreets Ride Planner.app/$(BUNDLE_EXECUTABLE_FOLDER_PATH)/CycleStreets Ride Planner";
			};
			name = Release;
		};
		5BCAB5B62FF461BE0070DF6C /* Debug */ = {
			isa = XCBuildConfiguration;
			buildSettings = {
				CODE_SIGN_STYLE = Automatic;
				CURRENT_PROJECT_VERSION = 1;
				GENERATE_INFOPLIST_FILE = YES;
				MARKETING_VERSION = 1.0;
				PRODUCT_BUNDLE_IDENTIFIER = "uk.slartibartfast.CycleStreets-Ride-PlannerUITests";
				PRODUCT_NAME = "$(TARGET_NAME)";
				STRING_CATALOG_GENERATE_SYMBOLS = NO;
				SWIFT_APPROACHABLE_CONCURRENCY = YES;
				SWIFT_EMIT_LOC_STRINGS = NO;
				SWIFT_UPCOMING_FEATURE_MEMBER_IMPORT_VISIBILITY = YES;
				SWIFT_VERSION = 5.0;
				TARGETED_DEVICE_FAMILY = "1,2";
				TEST_TARGET_NAME = "CycleStreets Ride Planner";
			};
			name = Debug;
		};
		5BCAB5B72FF461BE0070DF6C /* Release */ = {
			isa = XCBuildConfiguration;
			buildSettings = {
				CODE_SIGN_STYLE = Automatic;
				CURRENT_PROJECT_VERSION = 1;
				GENERATE_INFOPLIST_FILE = YES;
				MARKETING_VERSION = 1.0;
				PRODUCT_BUNDLE_IDENTIFIER = "uk.slartibartfast.CycleStreets-Ride-PlannerUITests";
				PRODUCT_NAME = "$(TARGET_NAME)";
				STRING_CATALOG_GENERATE_SYMBOLS = NO;
				SWIFT_APPROACHABLE_CONCURRENCY = YES;
				SWIFT_EMIT_LOC_STRINGS = NO;
				SWIFT_UPCOMING_FEATURE_MEMBER_IMPORT_VISIBILITY = YES;
				SWIFT_VERSION = 5.0;
				TARGETED_DEVICE_FAMILY = "1,2";
				TEST_TARGET_NAME = "CycleStreets Ride Planner";
			};
			name = Release;
		};
/* End XCBuildConfiguration section */

/* Begin XCConfigurationList section */
		5BCAB5892FF461BD0070DF6C /* Build configuration list for PBXProject "CycleStreets Ride Planner" */ = {
			isa = XCConfigurationList;
			buildConfigurations = (
				5BCAB5AD2FF461BE0070DF6C /* Debug */,
				5BCAB5AE2FF461BE0070DF6C /* Release */,
			);
			defaultConfigurationIsVisible = 0;
			defaultConfigurationName = Release;
		};
		5BCAB5AF2FF461BE0070DF6C /* Build configuration list for PBXNativeTarget "CycleStreets Ride Planner" */ = {
			isa = XCConfigurationList;
			buildConfigurations = (
				5BCAB5B02FF461BE0070DF6C /* Debug */,
				5BCAB5B12FF461BE0070DF6C /* Release */,
			);
			defaultConfigurationIsVisible = 0;
			defaultConfigurationName = Release;
		};
		5BCAB5B22FF461BE0070DF6C /* Build configuration list for PBXNativeTarget "CycleStreets Ride PlannerTests" */ = {
			isa = XCConfigurationList;
			buildConfigurations = (
				5BCAB5B32FF461BE0070DF6C /* Debug */,
				5BCAB5B42FF461BE0070DF6C /* Release */,
			);
			defaultConfigurationIsVisible = 0;
			defaultConfigurationName = Release;
		};
		5BCAB5B52FF461BE0070DF6C /* Build configuration list for PBXNativeTarget "CycleStreets Ride PlannerUITests" */ = {
			isa = XCConfigurationList;
			buildConfigurations = (
				5BCAB5B62FF461BE0070DF6C /* Debug */,
				5BCAB5B72FF461BE0070DF6C /* Release */,
			);
			defaultConfigurationIsVisible = 0;
			defaultConfigurationName = Release;
		};
/* End XCConfigurationList section */
	};
	rootObject = 5BCAB5862FF461BD0070DF6C /* Project object */;
}
